
Microsoft Visual Studio Solution File, Format Version 12.00
# Visual Studio 15
VisualStudioVersion = 15.0.28307.572
MinimumVisualStudioVersion = 10.0.40219.1
Project("{FAE04EC0-301F-11D3-BF4B-00C04F79EFBC}") = "FunctionApp2", "FunctionApp2\FunctionApp2.csproj", "{D292C557-C904-4A82-90B6-BD964FA9E21E}"
EndProject
Global
	GlobalSection(SolutionConfigurationPlatforms) = preSolution
		Debug|Any CPU = Debug|Any CPU
		Release|Any CPU = Release|Any CPU
	EndGlobalSection
	GlobalSection(ProjectConfigurationPlatforms) = postSolution
		{D292C557-C904-4A82-90B6-BD964FA9E21E}.Debug|Any CPU.ActiveCfg = Debug|Any CPU
		{D292C557-C904-4A82-90B6-BD964FA9E21E}.Debug|Any CPU.Build.0 = Debug|Any CPU
		{D292C557-C904-4A82-90B6-BD964FA9E21E}.Release|Any CPU.ActiveCfg = Release|Any CPU
		{D292C557-C904-4A82-90B6-BD964FA9E21E}.Release|Any CPU.Build.0 = Release|Any CPU
	EndGlobalSection
	GlobalSection(SolutionProperties) = preSolution
		HideSolutionNode = FALSE
	EndGlobalSection
	GlobalSection(ExtensibilityGlobals) = postSolution
		SolutionGuid = {4DB419D9-CDBC-473F-BA8C-BC60BEA75227}
	EndGlobalSection
EndGlobal
